
Microsoft Visual Studio Solution File, Format Version 12.00
# Visual Studio Version 17
VisualStudioVersion = 17.13.35825.156 d17.13
MinimumVisualStudioVersion = 10.0.40219.1
Project("{8BC9CEB8-8B4A-11D0-8D11-00A0C91BC942}") = "VGInjector", "VGInjector\VGInjector.vcxproj", "{B8B2FB56-0004-4DE7-BE64-5B7CD3D10B8C}"
EndProject
Global
	GlobalSection(SolutionConfigurationPlatforms) = preSolution
		Debug|x64 = Debug|x64
		Debug|x86 = Debug|x86
		Release|x64 = Release|x64
		Release|x86 = Release|x86
	EndGlobalSection
	GlobalSection(ProjectConfigurationPlatforms) = postSolution
		{B8B2FB56-0004-4DE7-BE64-5B7CD3D10B8C}.Debug|x64.ActiveCfg = Debug|x64
		{B8B2FB56-0004-4DE7-BE64-5B7CD3D10B8C}.Debug|x64.Build.0 = Debug|x64
		{B8B2FB56-0004-4DE7-BE64-5B7CD3D10B8C}.Debug|x86.ActiveCfg = Debug|Win32
		{B8B2FB56-0004-4DE7-BE64-5B7CD3D10B8C}.Debug|x86.Build.0 = Debug|Win32
		{B8B2FB56-0004-4DE7-BE64-5B7CD3D10B8C}.Release|x64.ActiveCfg = Release|x64
		{B8B2FB56-0004-4DE7-BE64-5B7CD3D10B8C}.Release|x64.Build.0 = Release|x64
		{B8B2FB56-0004-4DE7-BE64-5B7CD3D10B8C}.Release|x86.ActiveCfg = Release|Win32
		{B8B2FB56-0004-4DE7-BE64-5B7CD3D10B8C}.Release|x86.Build.0 = Release|Win32
	EndGlobalSection
	GlobalSection(SolutionProperties) = preSolution
		HideSolutionNode = FALSE
	EndGlobalSection
	GlobalSection(ExtensibilityGlobals) = postSolution
		SolutionGuid = {6DE990B1-88A6-4BFC-A815-6B52B7EAAA7A}
	EndGlobalSection
EndGlobal
